{
  "originHash" : "8f94431096a40afb4f123a37e25f3e5cc981e9a53bf40a295353637151e3b4d7",
  "pins" : [
    {
      "identity" : "alerttoast",
      "kind" : "remoteSourceControl",
      "location" : "https://github.com/elai950/AlertToast",
      "state" : {
        "revision" : "b39252eacd159904afd7d718bba0afabb87f2f2f",
        "version" : "1.3.9"
      }
    },
    {
      "identity" : "imagecropper",
      "kind" : "remoteSourceControl",
      "location" : "https://github.com/marshallino16/ImageCropper",
      "state" : {
        "branch" : "master",
        "revision" : "b73abb4f342497695b14d7a04a6b5a38cd4c9c26"
      }
    },
    {
      "identity" : "keychain-swift",
      "kind" : "remoteSourceControl",
      "location" : "https://github.com/evgenyneu/keychain-swift",
      "state" : {
        "revision" : "5e1b02b6a9dac2a759a1d5dbc175c86bd192a608",
        "version" : "24.0.0"
      }
    },
    {
      "identity" : "onboardingui",
      "kind" : "remoteSourceControl",
      "location" : "https://github.com/KC-2001MS/OnboardingUI",
      "state" : {
        "revision" : "1ae875d26cc941534219d6099756bc011be55b5d",
        "version" : "1.0.0"
      }
    }
  ],
  "version" : 3
}
